
Microsoft Visual Studio Solution File, Format Version 12.00
# Visual Studio Version 17
VisualStudioVersion = 17.11.35312.102
MinimumVisualStudioVersion = 10.0.40219.1
Project("{FAE04EC0-301F-11D3-BF4B-00C04F79EFBC}") = "CoinsActivity", "CoinsActivity.csproj", "{CBF0A071-D2F2-4C3B-A8D2-DA3F0F7CA9E8}"
EndProject
Global
	GlobalSection(SolutionConfigurationPlatforms) = preSolution
		Debug|Any CPU = Debug|Any CPU
		Release|Any CPU = Release|Any CPU
	EndGlobalSection
	GlobalSection(ProjectConfigurationPlatforms) = postSolution
		{CBF0A071-D2F2-4C3B-A8D2-DA3F0F7CA9E8}.Debug|Any CPU.ActiveCfg = Debug|Any CPU
		{CBF0A071-D2F2-4C3B-A8D2-DA3F0F7CA9E8}.Debug|Any CPU.Build.0 = Debug|Any CPU
		{CBF0A071-D2F2-4C3B-A8D2-DA3F0F7CA9E8}.Release|Any CPU.ActiveCfg = Release|Any CPU
		{CBF0A071-D2F2-4C3B-A8D2-DA3F0F7CA9E8}.Release|Any CPU.Build.0 = Release|Any CPU
	EndGlobalSection
	GlobalSection(SolutionProperties) = preSolution
		HideSolutionNode = FALSE
	EndGlobalSection
	GlobalSection(ExtensibilityGlobals) = postSolution
		SolutionGuid = {C555F08E-C6C4-41AA-A193-7FB485B5AB39}
	EndGlobalSection
EndGlobal
